
Microsoft Visual Studio Solution File, Format Version 12.00
# Visual Studio 15
Project("{FAE04EC0-301F-11D3-BF4B-00C04F79EFBC}") = "30DayChallenge", "30DayChallenge\30DayChallenge.csproj", "{F4F39A69-1AD3-4492-A6C0-91F42F2E8D8F}"
EndProject
Global
	GlobalSection(SolutionConfigurationPlatforms) = preSolution
		Debug|Any CPU = Debug|Any CPU
		Release|Any CPU = Release|Any CPU
	EndGlobalSection
	GlobalSection(ProjectConfigurationPlatforms) = postSolution
		{F4F39A69-1AD3-4492-A6C0-91F42F2E8D8F}.Debug|Any CPU.ActiveCfg = Debug|Any CPU
		{F4F39A69-1AD3-4492-A6C0-91F42F2E8D8F}.Debug|Any CPU.Build.0 = Debug|Any CPU
		{F4F39A69-1AD3-4492-A6C0-91F42F2E8D8F}.Release|Any CPU.ActiveCfg = Release|Any CPU
		{F4F39A69-1AD3-4492-A6C0-91F42F2E8D8F}.Release|Any CPU.Build.0 = Release|Any CPU
	EndGlobalSection
EndGlobal
